
Microsoft Visual Studio Solution File, Format Version 12.00
# Visual Studio 2013
VisualStudioVersion = 12.0.30501.0
MinimumVisualStudioVersion = 10.0.40219.1
Project("{FAE04EC0-301F-11D3-BF4B-00C04F79EFBC}") = "Spry", "Spry\Spry.csproj", "{46AD06AC-F969-4402-8881-41C80607E756}"
EndProject
Project("{FAE04EC0-301F-11D3-BF4B-00C04F79EFBC}") = "Spry.Console", "Spry.Console\Spry.Console.csproj", "{A74CDA33-434D-4601-B0A9-9907475DAA51}"
EndProject
Project("{FAE04EC0-301F-11D3-BF4B-00C04F79EFBC}") = "Spry.Tests", "Spry.Tests\Spry.Tests.csproj", "{7D377906-64B6-4DC2-9F7E-489646B63CAC}"
EndProject
Global
	GlobalSection(SolutionConfigurationPlatforms) = preSolution
		Debug|Any CPU = Debug|Any CPU
		Release|Any CPU = Release|Any CPU
	EndGlobalSection
	GlobalSection(ProjectConfigurationPlatforms) = postSolution
		{46AD06AC-F969-4402-8881-41C80607E756}.Debug|Any CPU.ActiveCfg = Debug|Any CPU
		{46AD06AC-F969-4402-8881-41C80607E756}.Debug|Any CPU.Build.0 = Debug|Any CPU
		{46AD06AC-F969-4402-8881-41C80607E756}.Release|Any CPU.ActiveCfg = Release|Any CPU
		{46AD06AC-F969-4402-8881-41C80607E756}.Release|Any CPU.Build.0 = Release|Any CPU
		{A74CDA33-434D-4601-B0A9-9907475DAA51}.Debug|Any CPU.ActiveCfg = Debug|Any CPU
		{A74CDA33-434D-4601-B0A9-9907475DAA51}.Debug|Any CPU.Build.0 = Debug|Any CPU
		{A74CDA33-434D-4601-B0A9-9907475DAA51}.Release|Any CPU.ActiveCfg = Release|Any CPU
		{A74CDA33-434D-4601-B0A9-9907475DAA51}.Release|Any CPU.Build.0 = Release|Any CPU
		{7D377906-64B6-4DC2-9F7E-489646B63CAC}.Debug|Any CPU.ActiveCfg = Debug|Any CPU
		{7D377906-64B6-4DC2-9F7E-489646B63CAC}.Debug|Any CPU.Build.0 = Debug|Any CPU
		{7D377906-64B6-4DC2-9F7E-489646B63CAC}.Release|Any CPU.ActiveCfg = Release|Any CPU
		{7D377906-64B6-4DC2-9F7E-489646B63CAC}.Release|Any CPU.Build.0 = Release|Any CPU
	EndGlobalSection
	GlobalSection(SolutionProperties) = preSolution
		HideSolutionNode = FALSE
	EndGlobalSection
EndGlobal
